
Microsoft Visual Studio Solution File, Format Version 12.00
# Visual Studio Version 17
VisualStudioVersion = 17.5.002.0
MinimumVisualStudioVersion = 10.0.40219.1
Project("{9A19103F-16F7-4668-BE54-9A1E7A4F7556}") = "HotelManager", "HotelManager.csproj", "{9CA8004B-D113-4CBF-BFBD-8F99E414079B}"
EndProject
Global
	GlobalSection(SolutionConfigurationPlatforms) = preSolution
		Debug|Any CPU = Debug|Any CPU
		Release|Any CPU = Release|Any CPU
	EndGlobalSection
	GlobalSection(ProjectConfigurationPlatforms) = postSolution
		{9CA8004B-D113-4CBF-BFBD-8F99E414079B}.Debug|Any CPU.ActiveCfg = Debug|Any CPU
		{9CA8004B-D113-4CBF-BFBD-8F99E414079B}.Debug|Any CPU.Build.0 = Debug|Any CPU
		{9CA8004B-D113-4CBF-BFBD-8F99E414079B}.Release|Any CPU.ActiveCfg = Release|Any CPU
		{9CA8004B-D113-4CBF-BFBD-8F99E414079B}.Release|Any CPU.Build.0 = Release|Any CPU
	EndGlobalSection
	GlobalSection(SolutionProperties) = preSolution
		HideSolutionNode = FALSE
	EndGlobalSection
	GlobalSection(ExtensibilityGlobals) = postSolution
		SolutionGuid = {78D3106B-B22D-4E20-BF5A-1192EA6DBC87}
	EndGlobalSection
EndGlobal
